// !$*UTF8*$!
{
	archiveVersion = 1;
	classes = {
	};
	objectVersion = 50;
	objects = {

/* Begin PBXBuildFile section */
		98416D902512C4E6000D9D17 /* Event.swift in Sources */ = {isa = PBXBuildFile; fileRef = 98416D8F2512C4E6000D9D17 /* Event.swift */; };
		98416D922512C7E2000D9D17 /* Events.swift in Sources */ = {isa = PBXBuildFile; fileRef = 98416D912512C7E2000D9D17 /* Events.swift */; };
		98416D9425140F65000D9D17 /* Untitled_Artwork.png in Resources */ = {isa = PBXBuildFile; fileRef = 98416D9325140F65000D9D17 /* Untitled_Artwork.png */; };
		98802315251589A500F379AB /* ScheduleCell.swift in Sources */ = {isa = PBXBuildFile; fileRef = 98802314251589A500F379AB /* ScheduleCell.swift */; };
		98B1E958250AC38900546D41 /* AppDelegate.swift in Sources */ = {isa = PBXBuildFile; fileRef = 98B1E957250AC38900546D41 /* AppDelegate.swift */; };
		98B1E95A250AC38900546D41 /* SceneDelegate.swift in Sources */ = {isa = PBXBuildFile; fileRef = 98B1E959250AC38900546D41 /* SceneDelegate.swift */; };
		98B1E95C250AC38900546D41 /* ViewController.swift in Sources */ = {isa = PBXBuildFile; fileRef = 98B1E95B250AC38900546D41 /* ViewController.swift */; };
		98B1E95F250AC38900546D41 /* Main.storyboard in Resources */ = {isa = PBXBuildFile; fileRef = 98B1E95D250AC38900546D41 /* Main.storyboard */; };
		98B1E962250AC38900546D41 /* Hyosang_Ahn_HI_Coding_Challenge.xcdatamodeld in Sources */ = {isa = PBXBuildFile; fileRef = 98B1E960250AC38900546D41 /* Hyosang_Ahn_HI_Coding_Challenge.xcdatamodeld */; };
		98B1E964250AC38C00546D41 /* Assets.xcassets in Resources */ = {isa = PBXBuildFile; fileRef = 98B1E963250AC38C00546D41 /* Assets.xcassets */; };
		98B1E967250AC38C00546D41 /* LaunchScreen.storyboard in Resources */ = {isa = PBXBuildFile; fileRef = 98B1E965250AC38C00546D41 /* LaunchScreen.storyboard */; };
		98B1E972250AC38C00546D41 /* Hyosang_Ahn_HI_Coding_ChallengeTests.swift in Sources */ = {isa = PBXBuildFile; fileRef = 98B1E971250AC38C00546D41 /* Hyosang_Ahn_HI_Coding_ChallengeTests.swift */; };
		98B1E97D250AC38C00546D41 /* Hyosang_Ahn_HI_Coding_ChallengeUITests.swift in Sources */ = {isa = PBXBuildFile; fileRef = 98B1E97C250AC38C00546D41 /* Hyosang_Ahn_HI_Coding_ChallengeUITests.swift */; };
		98B1E98B250AC86500546D41 /* JSONParser.swift in Sources */ = {isa = PBXBuildFile; fileRef = 98B1E98A250AC86500546D41 /* JSONParser.swift */; };
/* End PBXBuildFile section */

/* Begin PBXContainerItemProxy section */
		98B1E96E250AC38C00546D41 /* PBXContainerItemProxy */ = {
			isa = PBXContainerItemProxy;
			containerPortal = 98B1E94C250AC38900546D41 /* Project object */;
			proxyType = 1;
			remoteGlobalIDString = 98B1E953250AC38900546D41;
			remoteInfo = "Hyosang Ahn HI Coding Challenge";
		};
		98B1E979250AC38C00546D41 /* PBXContainerItemProxy */ = {
			isa = PBXContainerItemProxy;
			containerPortal = 98B1E94C250AC38900546D41 /* Project object */;
			proxyType = 1;
			remoteGlobalIDString = 98B1E953250AC38900546D41;
			remoteInfo = "Hyosang Ahn HI Coding Challenge";
		};
/* End PBXContainerItemProxy section */

/* Begin PBXFileReference section */
		98416D8F2512C4E6000D9D17 /* Event.swift */ = {isa = PBXFileReference; lastKnownFileType = sourcecode.swift; path = Event.swift; sourceTree = "<group>"; };
		98416D912512C7E2000D9D17 /* Events.swift */ = {isa = PBXFileReference; lastKnownFileType = sourcecode.swift; path = Events.swift; sourceTree = "<group>"; };
		98416D9325140F65000D9D17 /* Untitled_Artwork.png */ = {isa = PBXFileReference; lastKnownFileType = image.png; path = Untitled_Artwork.png; sourceTree = "<group>"; };
		98802314251589A500F379AB /* ScheduleCell.swift */ = {isa = PBXFileReference; lastKnownFileType = sourcecode.swift; path = ScheduleCell.swift; sourceTree = "<group>"; };
		98B1E954250AC38900546D41 /* Hyosang Ahn HI Coding Challenge.app */ = {isa = PBXFileReference; explicitFileType = wrapper.application; includeInIndex = 0; path = "Hyosang Ahn HI Coding Challenge.app"; sourceTree = BUILT_PRODUCTS_DIR; };
		98B1E957250AC38900546D41 /* AppDelegate.swift */ = {isa = PBXFileReference; lastKnownFileType = sourcecode.swift; path = AppDelegate.swift; sourceTree = "<group>"; };
		98B1E959250AC38900546D41 /* SceneDelegate.swift */ = {isa = PBXFileReference; lastKnownFileType = sourcecode.swift; path = SceneDelegate.swift; sourceTree = "<group>"; };
		98B1E95B250AC38900546D41 /* ViewController.swift */ = {isa = PBXFileReference; lastKnownFileType = sourcecode.swift; path = ViewController.swift; sourceTree = "<group>"; };
		98B1E95E250AC38900546D41 /* Base */ = {isa = PBXFileReference; lastKnownFileType = file.storyboard; name = Base; path = Base.lproj/Main.storyboard; sourceTree = "<group>"; };
		98B1E961250AC38900546D41 /* Hyosang_Ahn_HI_Coding_Challenge.xcdatamodel */ = {isa = PBXFileReference; lastKnownFileType = wrapper.xcdatamodel; path = Hyosang_Ahn_HI_Coding_Challenge.xcdatamodel; sourceTree = "<group>"; };
		98B1E963250AC38C00546D41 /* Assets.xcassets */ = {isa = PBXFileReference; lastKnownFileType = folder.assetcatalog; path = Assets.xcassets; sourceTree = "<group>"; };
		98B1E966250AC38C00546D41 /* Base */ = {isa = PBXFileReference; lastKnownFileType = file.storyboard; name = Base; path = Base.lproj/LaunchScreen.storyboard; sourceTree = "<group>"; };
		98B1E968250AC38C00546D41 /* Info.plist */ = {isa = PBXFileReference; lastKnownFileType = text.plist.xml; path = Info.plist; sourceTree = "<group>"; };
		98B1E96D250AC38C00546D41 /* Hyosang Ahn HI Coding ChallengeTests.xctest */ = {isa = PBXFileReference; explicitFileType = wrapper.cfbundle; includeInIndex = 0; path = "Hyosang Ahn HI Coding ChallengeTests.xctest"; sourceTree = BUILT_PRODUCTS_DIR; };
		98B1E971250AC38C00546D41 /* Hyosang_Ahn_HI_Coding_ChallengeTests.swift */ = {isa = PBXFileReference; lastKnownFileType = sourcecode.swift; path = Hyosang_Ahn_HI_Coding_ChallengeTests.swift; sourceTree = "<group>"; };
		98B1E973250AC38C00546D41 /* Info.plist */ = {isa = PBXFileReference; lastKnownFileType = text.plist.xml; path = Info.plist; sourceTree = "<group>"; };
		98B1E978250AC38C00546D41 /* Hyosang Ahn HI Coding ChallengeUITests.xctest */ = {isa = PBXFileReference; explicitFileType = wrapper.cfbundle; includeInIndex = 0; path = "Hyosang Ahn HI Coding ChallengeUITests.xctest"; sourceTree = BUILT_PRODUCTS_DIR; };
		98B1E97C250AC38C00546D41 /* Hyosang_Ahn_HI_Coding_ChallengeUITests.swift */ = {isa = PBXFileReference; lastKnownFileType = sourcecode.swift; path = Hyosang_Ahn_HI_Coding_ChallengeUITests.swift; sourceTree = "<group>"; };
		98B1E97E250AC38C00546D41 /* Info.plist */ = {isa = PBXFileReference; lastKnownFileType = text.plist.xml; path = Info.plist; sourceTree = "<group>"; };
		98B1E98A250AC86500546D41 /* JSONParser.swift */ = {isa = PBXFileReference; lastKnownFileType = sourcecode.swift; path = JSONParser.swift; sourceTree = "<group>"; };
/* End PBXFileReference section */

/* Begin PBXFrameworksBuildPhase section */
		98B1E951250AC38900546D41 /* Frameworks */ = {
			isa = PBXFrameworksBuildPhase;
			buildActionMask = 2147483647;
			files = (
			);
			runOnlyForDeploymentPostprocessing = 0;
		};
		98B1E96A250AC38C00546D41 /* Frameworks */ = {
			isa = PBXFrameworksBuildPhase;
			buildActionMask = 2147483647;
			files = (
			);
			runOnlyForDeploymentPostprocessing = 0;
		};
		98B1E975250AC38C00546D41 /* Frameworks */ = {
			isa = PBXFrameworksBuildPhase;
			buildActionMask = 2147483647;
			files = (
			);
			runOnlyForDeploymentPostprocessing = 0;
		};
/* End PBXFrameworksBuildPhase section */

/* Begin PBXGroup section */
		98B1E94B250AC38900546D41 = {
			isa = PBXGroup;
			children = (
				98B1E956250AC38900546D41 /* Hyosang Ahn HI Coding Challenge */,
				98B1E970250AC38C00546D41 /* Hyosang Ahn HI Coding ChallengeTests */,
				98B1E97B250AC38C00546D41 /* Hyosang Ahn HI Coding ChallengeUITests */,
				98B1E955250AC38900546D41 /* Products */,
			);
			sourceTree = "<group>";
		};
		98B1E955250AC38900546D41 /* Products */ = {
			isa = PBXGroup;
			children = (
				98B1E954250AC38900546D41 /* Hyosang Ahn HI Coding Challenge.app */,
				98B1E96D250AC38C00546D41 /* Hyosang Ahn HI Coding ChallengeTests.xctest */,
				98B1E978250AC38C00546D41 /* Hyosang Ahn HI Coding ChallengeUITests.xctest */,
			);
			name = Products;
			sourceTree = "<group>";
		};
		98B1E956250AC38900546D41 /* Hyosang Ahn HI Coding Challenge */ = {
			isa = PBXGroup;
			children = (
				98B1E957250AC38900546D41 /* AppDelegate.swift */,
				98B1E959250AC38900546D41 /* SceneDelegate.swift */,
				98B1E98A250AC86500546D41 /* JSONParser.swift */,
				98416D8F2512C4E6000D9D17 /* Event.swift */,
				98416D912512C7E2000D9D17 /* Events.swift */,
				98B1E95B250AC38900546D41 /* ViewController.swift */,
				98802314251589A500F379AB /* ScheduleCell.swift */,
				98B1E95D250AC38900546D41 /* Main.storyboard */,
				98B1E963250AC38C00546D41 /* Assets.xcassets */,
				98B1E965250AC38C00546D41 /* LaunchScreen.storyboard */,
				98B1E968250AC38C00546D41 /* Info.plist */,
				98B1E960250AC38900546D41 /* Hyosang_Ahn_HI_Coding_Challenge.xcdatamodeld */,
				98416D9325140F65000D9D17 /* Untitled_Artwork.png */,
			);
			path = "Hyosang Ahn HI Coding Challenge";
			sourceTree = "<group>";
		};
		98B1E970250AC38C00546D41 /* Hyosang Ahn HI Coding ChallengeTests */ = {
			isa = PBXGroup;
			children = (
				98B1E971250AC38C00546D41 /* Hyosang_Ahn_HI_Coding_ChallengeTests.swift */,
				98B1E973250AC38C00546D41 /* Info.plist */,
			);
			path = "Hyosang Ahn HI Coding ChallengeTests";
			sourceTree = "<group>";
		};
		98B1E97B250AC38C00546D41 /* Hyosang Ahn HI Coding ChallengeUITests */ = {
			isa = PBXGroup;
			children = (
				98B1E97C250AC38C00546D41 /* Hyosang_Ahn_HI_Coding_ChallengeUITests.swift */,
				98B1E97E250AC38C00546D41 /* Info.plist */,
			);
			path = "Hyosang Ahn HI Coding ChallengeUITests";
			sourceTree = "<group>";
		};
/* End PBXGroup section */

/* Begin PBXNativeTarget section */
		98B1E953250AC38900546D41 /* Hyosang Ahn HI Coding Challenge */ = {
			isa = PBXNativeTarget;
			buildConfigurationList = 98B1E981250AC38C00546D41 /* Build configuration list for PBXNativeTarget "Hyosang Ahn HI Coding Challenge" */;
			buildPhases = (
				98B1E950250AC38900546D41 /* Sources */,
				98B1E951250AC38900546D41 /* Frameworks */,
				98B1E952250AC38900546D41 /* Resources */,
			);
			buildRules = (
			);
			dependencies = (
			);
			name = "Hyosang Ahn HI Coding Challenge";
			productName = "Hyosang Ahn HI Coding Challenge";
			productReference = 98B1E954250AC38900546D41 /* Hyosang Ahn HI Coding Challenge.app */;
			productType = "com.apple.product-type.application";
		};
		98B1E96C250AC38C00546D41 /* Hyosang Ahn HI Coding ChallengeTests */ = {
			isa = PBXNativeTarget;
			buildConfigurationList = 98B1E984250AC38C00546D41 /* Build configuration list for PBXNativeTarget "Hyosang Ahn HI Coding ChallengeTests" */;
			buildPhases = (
				98B1E969250AC38C00546D41 /* Sources */,
				98B1E96A250AC38C00546D41 /* Frameworks */,
				98B1E96B250AC38C00546D41 /* Resources */,
			);
			buildRules = (
			);
			dependencies = (
				98B1E96F250AC38C00546D41 /* PBXTargetDependency */,
			);
			name = "Hyosang Ahn HI Coding ChallengeTests";
			productName = "Hyosang Ahn HI Coding ChallengeTests";
			productReference = 98B1E96D250AC38C00546D41 /* Hyosang Ahn HI Coding ChallengeTests.xctest */;
			productType = "com.apple.product-type.bundle.unit-test";
		};
		98B1E977250AC38C00546D41 /* Hyosang Ahn HI Coding ChallengeUITests */ = {
			isa = PBXNativeTarget;
			buildConfigurationList = 98B1E987250AC38C00546D41 /* Build configuration list for PBXNativeTarget "Hyosang Ahn HI Coding ChallengeUITests" */;
			buildPhases = (
				98B1E974250AC38C00546D41 /* Sources */,
				98B1E975250AC38C00546D41 /* Frameworks */,
				98B1E976250AC38C00546D41 /* Resources */,
			);
			buildRules = (
			);
			dependencies = (
				98B1E97A250AC38C00546D41 /* PBXTargetDependency */,
			);
			name = "Hyosang Ahn HI Coding ChallengeUITests";
			productName = "Hyosang Ahn HI Coding ChallengeUITests";
			productReference = 98B1E978250AC38C00546D41 /* Hyosang Ahn HI Coding ChallengeUITests.xctest */;
			productType = "com.apple.product-type.bundle.ui-testing";
		};
/* End PBXNativeTarget section */

/* Begin PBXProject section */
		98B1E94C250AC38900546D41 /* Project object */ = {
			isa = PBXProject;
			attributes = {
				LastSwiftUpdateCheck = 1170;
				LastUpgradeCheck = 1170;
				ORGANIZATIONNAME = "Hyosang Ahn";
				TargetAttributes = {
					98B1E953250AC38900546D41 = {
						CreatedOnToolsVersion = 11.7;
					};
					98B1E96C250AC38C00546D41 = {
						CreatedOnToolsVersion = 11.7;
						TestTargetID = 98B1E953250AC38900546D41;
					};
					98B1E977250AC38C00546D41 = {
						CreatedOnToolsVersion = 11.7;
						TestTargetID = 98B1E953250AC38900546D41;
					};
				};
			};
			buildConfigurationList = 98B1E94F250AC38900546D41 /* Build configuration list for PBXProject "Hyosang Ahn HI Coding Challenge" */;
			compatibilityVersion = "Xcode 9.3";
			developmentRegion = en;
			hasScannedForEncodings = 0;
			knownRegions = (
				en,
				Base,
			);
			mainGroup = 98B1E94B250AC38900546D41;
			productRefGroup = 98B1E955250AC38900546D41 /* Products */;
			projectDirPath = "";
			projectRoot = "";
			targets = (
				98B1E953250AC38900546D41 /* Hyosang Ahn HI Coding Challenge */,
				98B1E96C250AC38C00546D41 /* Hyosang Ahn HI Coding ChallengeTests */,
				98B1E977250AC38C00546D41 /* Hyosang Ahn HI Coding ChallengeUITests */,
			);
		};
/* End PBXProject section */

/* Begin PBXResourcesBuildPhase section */
		98B1E952250AC38900546D41 /* Resources */ = {
			isa = PBXResourcesBuildPhase;
			buildActionMask = 2147483647;
			files = (
				98B1E967250AC38C00546D41 /* LaunchScreen.storyboard in Resources */,
				98416D9425140F65000D9D17 /* Untitled_Artwork.png in Resources */,
				98B1E964250AC38C00546D41 /* Assets.xcassets in Resources */,
				98B1E95F250AC38900546D41 /* Main.storyboard in Resources */,
			);
			runOnlyForDeploymentPostprocessing = 0;
		};
		98B1E96B250AC38C00546D41 /* Resources */ = {
			isa = PBXResourcesBuildPhase;
			buildActionMask = 2147483647;
			files = (
			);
			runOnlyForDeploymentPostprocessing = 0;
		};
		98B1E976250AC38C00546D41 /* Resources */ = {
			isa = PBXResourcesBuildPhase;
			buildActionMask = 2147483647;
			files = (
			);
			runOnlyForDeploymentPostprocessing = 0;
		};
/* End PBXResourcesBuildPhase section */

/* Begin PBXSourcesBuildPhase section */
		98B1E950250AC38900546D41 /* Sources */ = {
			isa = PBXSourcesBuildPhase;
			buildActionMask = 2147483647;
			files = (
				98416D902512C4E6000D9D17 /* Event.swift in Sources */,
				98B1E962250AC38900546D41 /* Hyosang_Ahn_HI_Coding_Challenge.xcdatamodeld in Sources */,
				98802315251589A500F379AB /* ScheduleCell.swift in Sources */,
				98B1E98B250AC86500546D41 /* JSONParser.swift in Sources */,
				98B1E95C250AC38900546D41 /* ViewController.swift in Sources */,
				98416D922512C7E2000D9D17 /* Events.swift in Sources */,
				98B1E958250AC38900546D41 /* AppDelegate.swift in Sources */,
				98B1E95A250AC38900546D41 /* SceneDelegate.swift in Sources */,
			);
			runOnlyForDeploymentPostprocessing = 0;
		};
		98B1E969250AC38C00546D41 /* Sources */ = {
			isa = PBXSourcesBuildPhase;
			buildActionMask = 2147483647;
			files = (
				98B1E972250AC38C00546D41 /* Hyosang_Ahn_HI_Coding_ChallengeTests.swift in Sources */,
			);
			runOnlyForDeploymentPostprocessing = 0;
		};
		98B1E974250AC38C00546D41 /* Sources */ = {
			isa = PBXSourcesBuildPhase;
			buildActionMask = 2147483647;
			files = (
				98B1E97D250AC38C00546D41 /* Hyosang_Ahn_HI_Coding_ChallengeUITests.swift in Sources */,
			);
			runOnlyForDeploymentPostprocessing = 0;
		};
/* End PBXSourcesBuildPhase section */

/* Begin PBXTargetDependency section */
		98B1E96F250AC38C00546D41 /* PBXTargetDependency */ = {
			isa = PBXTargetDependency;
			target = 98B1E953250AC38900546D41 /* Hyosang Ahn HI Coding Challenge */;
			targetProxy = 98B1E96E250AC38C00546D41 /* PBXContainerItemProxy */;
		};
		98B1E97A250AC38C00546D41 /* PBXTargetDependency */ = {
			isa = PBXTargetDependency;
			target = 98B1E953250AC38900546D41 /* Hyosang Ahn HI Coding Challenge */;
			targetProxy = 98B1E979250AC38C00546D41 /* PBXContainerItemProxy */;
		};
/* End PBXTargetDependency section */

/* Begin PBXVariantGroup section */
		98B1E95D250AC38900546D41 /* Main.storyboard */ = {
			isa = PBXVariantGroup;
			children = (
				98B1E95E250AC38900546D41 /* Base */,
			);
			name = Main.storyboard;
			sourceTree = "<group>";
		};
		98B1E965250AC38C00546D41 /* LaunchScreen.storyboard */ = {
			isa = PBXVariantGroup;
			children = (
				98B1E966250AC38C00546D41 /* Base */,
			);
			name = LaunchScreen.storyboard;
			sourceTree = "<group>";
		};
/* End PBXVariantGroup section */

/* Begin XCBuildConfiguration section */
		98B1E97F250AC38C00546D41 /* Debug */ = {
			isa = XCBuildConfiguration;
			buildSettings = {
				ALWAYS_SEARCH_USER_PATHS = NO;
				CLANG_ANALYZER_NONNULL = YES;
				CLANG_ANALYZER_NUMBER_OBJECT_CONVERSION = YES_AGGRESSIVE;
				CLANG_CXX_LANGUAGE_STANDARD = "gnu++14";
				CLANG_CXX_LIBRARY = "libc++";
				CLANG_ENABLE_MODULES = YES;
				CLANG_ENABLE_OBJC_ARC = YES;
				CLANG_ENABLE_OBJC_WEAK = YES;
				CLANG_WARN_BLOCK_CAPTURE_AUTORELEASING = YES;
				CLANG_WARN_BOOL_CONVERSION = YES;
				CLANG_WARN_COMMA = YES;
				CLANG_WARN_CONSTANT_CONVERSION = YES;
				CLANG_WARN_DEPRECATED_OBJC_IMPLEMENTATIONS = YES;
				CLANG_WARN_DIRECT_OBJC_ISA_USAGE = YES_ERROR;
				CLANG_WARN_DOCUMENTATION_COMMENTS = YES;
				CLANG_WARN_EMPTY_BODY = YES;
				CLANG_WARN_ENUM_CONVERSION = YES;
				CLANG_WARN_INFINITE_RECURSION = YES;
				CLANG_WARN_INT_CONVERSION = YES;
				CLANG_WARN_NON_LITERAL_NULL_CONVERSION = YES;
				CLANG_WARN_OBJC_IMPLICIT_RETAIN_SELF = YES;
				CLANG_WARN_OBJC_LITERAL_CONVERSION = YES;
				CLANG_WARN_OBJC_ROOT_CLASS = YES_ERROR;
				CLANG_WARN_RANGE_LOOP_ANALYSIS = YES;
				CLANG_WARN_STRICT_PROTOTYPES = YES;
				CLANG_WARN_SUSPICIOUS_MOVE = YES;
				CLANG_WARN_UNGUARDED_AVAILABILITY = YES_AGGRESSIVE;
				CLANG_WARN_UNREACHABLE_CODE = YES;
				CLANG_WARN__DUPLICATE_METHOD_MATCH = YES;
				COPY_PHASE_STRIP = NO;
				DEBUG_INFORMATION_FORMAT = dwarf;
				ENABLE_STRICT_OBJC_MSGSEND = YES;
				ENABLE_TESTABILITY = YES;
				GCC_C_LANGUAGE_STANDARD = gnu11;
				GCC_DYNAMIC_NO_PIC = NO;
				GCC_NO_COMMON_BLOCKS = YES;
				GCC_OPTIMIZATION_LEVEL = 0;
				GCC_PREPROCESSOR_DEFINITIONS = (
					"DEBUG=1",
					"$(inherited)",
				);
				GCC_WARN_64_TO_32_BIT_CONVERSION = YES;
				GCC_WARN_ABOUT_RETURN_TYPE = YES_ERROR;
				GCC_WARN_UNDECLARED_SELECTOR = YES;
				GCC_WARN_UNINITIALIZED_AUTOS = YES_AGGRESSIVE;
				GCC_WARN_UNUSED_FUNCTION = YES;
				GCC_WARN_UNUSED_VARIABLE = YES;
				IPHONEOS_DEPLOYMENT_TARGET = 13.7;
				MTL_ENABLE_DEBUG_INFO = INCLUDE_SOURCE;
				MTL_FAST_MATH = YES;
				ONLY_ACTIVE_ARCH = YES;
				SDKROOT = iphoneos;
				SWIFT_ACTIVE_COMPILATION_CONDITIONS = DEBUG;
				SWIFT_OPTIMIZATION_LEVEL = "-Onone";
			};
			name = Debug;
		};
		98B1E980250AC38C00546D41 /* Release */ = {
			isa = XCBuildConfiguration;
			buildSettings = {
				ALWAYS_SEARCH_USER_PATHS = NO;
				CLANG_ANALYZER_NONNULL = YES;
				CLANG_ANALYZER_NUMBER_OBJECT_CONVERSION = YES_AGGRESSIVE;
				CLANG_CXX_LANGUAGE_STANDARD = "gnu++14";
				CLANG_CXX_LIBRARY = "libc++";
				CLANG_ENABLE_MODULES = YES;
				CLANG_ENABLE_OBJC_ARC = YES;
				CLANG_ENABLE_OBJC_WEAK = YES;
				CLANG_WARN_BLOCK_CAPTURE_AUTORELEASING = YES;
				CLANG_WARN_BOOL_CONVERSION = YES;
				CLANG_WARN_COMMA = YES;
				CLANG_WARN_CONSTANT_CONVERSION = YES;
				CLANG_WARN_DEPRECATED_OBJC_IMPLEMENTATIONS = YES;
				CLANG_WARN_DIRECT_OBJC_ISA_USAGE = YES_ERROR;
				CLANG_WARN_DOCUMENTATION_COMMENTS = YES;
				CLANG_WARN_EMPTY_BODY = YES;
				CLANG_WARN_ENUM_CONVERSION = YES;
				CLANG_WARN_INFINITE_RECURSION = YES;
				CLANG_WARN_INT_CONVERSION = YES;
				CLANG_WARN_NON_LITERAL_NULL_CONVERSION = YES;
				CLANG_WARN_OBJC_IMPLICIT_RETAIN_SELF = YES;
				CLANG_WARN_OBJC_LITERAL_CONVERSION = YES;
				CLANG_WARN_OBJC_ROOT_CLASS = YES_ERROR;
				CLANG_WARN_RANGE_LOOP_ANALYSIS = YES;
				CLANG_WARN_STRICT_PROTOTYPES = YES;
				CLANG_WARN_SUSPICIOUS_MOVE = YES;
				CLANG_WARN_UNGUARDED_AVAILABILITY = YES_AGGRESSIVE;
				CLANG_WARN_UNREACHABLE_CODE = YES;
				CLANG_WARN__DUPLICATE_METHOD_MATCH = YES;
				COPY_PHASE_STRIP = NO;
				DEBUG_INFORMATION_FORMAT = "dwarf-with-dsym";
				ENABLE_NS_ASSERTIONS = NO;
				ENABLE_STRICT_OBJC_MSGSEND = YES;
				GCC_C_LANGUAGE_STANDARD = gnu11;
				GCC_NO_COMMON_BLOCKS = YES;
				GCC_WARN_64_TO_32_BIT_CONVERSION = YES;
				GCC_WARN_ABOUT_RETURN_TYPE = YES_ERROR;
				GCC_WARN_UNDECLARED_SELECTOR = YES;
				GCC_WARN_UNINITIALIZED_AUTOS = YES_AGGRESSIVE;
				GCC_WARN_UNUSED_FUNCTION = YES;
				GCC_WARN_UNUSED_VARIABLE = YES;
				IPHONEOS_DEPLOYMENT_TARGET = 13.7;
				MTL_ENABLE_DEBUG_INFO = NO;
				MTL_FAST_MATH = YES;
				SDKROOT = iphoneos;
				SWIFT_COMPILATION_MODE = wholemodule;
				SWIFT_OPTIMIZATION_LEVEL = "-O";
				VALIDATE_PRODUCT = YES;
			};
			name = Release;
		};
		98B1E982250AC38C00546D41 /* Debug */ = {
			isa = XCBuildConfiguration;
			buildSettings = {
				ASSETCATALOG_COMPILER_APPICON_NAME = AppIcon;
				CODE_SIGN_STYLE = Automatic;
				INFOPLIST_FILE = "Hyosang Ahn HI Coding Challenge/Info.plist";
				LD_RUNPATH_SEARCH_PATHS = (
					"$(inherited)",
					"@executable_path/Frameworks",
				);
				PRODUCT_BUNDLE_IDENTIFIER = "Developer.Hyosang-Ahn-HI-Coding-Challenge";
				PRODUCT_NAME = "$(TARGET_NAME)";
				SWIFT_VERSION = 5.0;
				TARGETED_DEVICE_FAMILY = "1,2";
			};
			name = Debug;
		};
		98B1E983250AC38C00546D41 /* Release */ = {
			isa = XCBuildConfiguration;
			buildSettings = {
				ASSETCATALOG_COMPILER_APPICON_NAME = AppIcon;
				CODE_SIGN_STYLE = Automatic;
				INFOPLIST_FILE = "Hyosang Ahn HI Coding Challenge/Info.plist";
				LD_RUNPATH_SEARCH_PATHS = (
					"$(inherited)",
					"@executable_path/Frameworks",
				);
				PRODUCT_BUNDLE_IDENTIFIER = "Developer.Hyosang-Ahn-HI-Coding-Challenge";
				PRODUCT_NAME = "$(TARGET_NAME)";
				SWIFT_VERSION = 5.0;
				TARGETED_DEVICE_FAMILY = "1,2";
			};
			name = Release;
		};
		98B1E985250AC38C00546D41 /* Debug */ = {
			isa = XCBuildConfiguration;
			buildSettings = {
				ALWAYS_EMBED_SWIFT_STANDARD_LIBRARIES = YES;
				BUNDLE_LOADER = "$(TEST_HOST)";
				CODE_SIGN_STYLE = Automatic;
				INFOPLIST_FILE = "Hyosang Ahn HI Coding ChallengeTests/Info.plist";
				IPHONEOS_DEPLOYMENT_TARGET = 13.7;
				LD_RUNPATH_SEARCH_PATHS = (
					"$(inherited)",
					"@executable_path/Frameworks",
					"@loader_path/Frameworks",
				);
				PRODUCT_BUNDLE_IDENTIFIER = "Developer.Hyosang-Ahn-HI-Coding-ChallengeTests";
				PRODUCT_NAME = "$(TARGET_NAME)";
				SWIFT_VERSION = 5.0;
				TARGETED_DEVICE_FAMILY = "1,2";
				TEST_HOST = "$(BUILT_PRODUCTS_DIR)/Hyosang Ahn HI Coding Challenge.app/Hyosang Ahn HI Coding Challenge";
			};
			name = Debug;
		};
		98B1E986250AC38C00546D41 /* Release */ = {
			isa = XCBuildConfiguration;
			buildSettings = {
				ALWAYS_EMBED_SWIFT_STANDARD_LIBRARIES = YES;
				BUNDLE_LOADER = "$(TEST_HOST)";
				CODE_SIGN_STYLE = Automatic;
				INFOPLIST_FILE = "Hyosang Ahn HI Coding ChallengeTests/Info.plist";
				IPHONEOS_DEPLOYMENT_TARGET = 13.7;
				LD_RUNPATH_SEARCH_PATHS = (
					"$(inherited)",
					"@executable_path/Frameworks",
					"@loader_path/Frameworks",
				);
				PRODUCT_BUNDLE_IDENTIFIER = "Developer.Hyosang-Ahn-HI-Coding-ChallengeTests";
				PRODUCT_NAME = "$(TARGET_NAME)";
				SWIFT_VERSION = 5.0;
				TARGETED_DEVICE_FAMILY = "1,2";
				TEST_HOST = "$(BUILT_PRODUCTS_DIR)/Hyosang Ahn HI Coding Challenge.app/Hyosang Ahn HI Coding Challenge";
			};
			name = Release;
		};
		98B1E988250AC38C00546D41 /* Debug */ = {
			isa = XCBuildConfiguration;
			buildSettings = {
				ALWAYS_EMBED_SWIFT_STANDARD_LIBRARIES = YES;
				CODE_SIGN_STYLE = Automatic;
				INFOPLIST_FILE = "Hyosang Ahn HI Coding ChallengeUITests/Info.plist";
				LD_RUNPATH_SEARCH_PATHS = (
					"$(inherited)",
					"@executable_path/Frameworks",
					"@loader_path/Frameworks",
				);
				PRODUCT_BUNDLE_IDENTIFIER = "Developer.Hyosang-Ahn-HI-Coding-ChallengeUITests";
				PRODUCT_NAME = "$(TARGET_NAME)";
				SWIFT_VERSION = 5.0;
				TARGETED_DEVICE_FAMILY = "1,2";
				TEST_TARGET_NAME = "Hyosang Ahn HI Coding Challenge";
			};
			name = Debug;
		};
		98B1E989250AC38C00546D41 /* Release */ = {
			isa = XCBuildConfiguration;
			buildSettings = {
				ALWAYS_EMBED_SWIFT_STANDARD_LIBRARIES = YES;
				CODE_SIGN_STYLE = Automatic;
				INFOPLIST_FILE = "Hyosang Ahn HI Coding ChallengeUITests/Info.plist";
				LD_RUNPATH_SEARCH_PATHS = (
					"$(inherited)",
					"@executable_path/Frameworks",
					"@loader_path/Frameworks",
				);
				PRODUCT_BUNDLE_IDENTIFIER = "Developer.Hyosang-Ahn-HI-Coding-ChallengeUITests";
				PRODUCT_NAME = "$(TARGET_NAME)";
				SWIFT_VERSION = 5.0;
				TARGETED_DEVICE_FAMILY = "1,2";
				TEST_TARGET_NAME = "Hyosang Ahn HI Coding Challenge";
			};
			name = Release;
		};
/* End XCBuildConfiguration section */

/* Begin XCConfigurationList section */
		98B1E94F250AC38900546D41 /* Build configuration list for PBXProject "Hyosang Ahn HI Coding Challenge" */ = {
			isa = XCConfigurationList;
			buildConfigurations = (
				98B1E97F250AC38C00546D41 /* Debug */,
				98B1E980250AC38C00546D41 /* Release */,
			);
			defaultConfigurationIsVisible = 0;
			defaultConfigurationName = Release;
		};
		98B1E981250AC38C00546D41 /* Build configuration list for PBXNativeTarget "Hyosang Ahn HI Coding Challenge" */ = {
			isa = XCConfigurationList;
			buildConfigurations = (
				98B1E982250AC38C00546D41 /* Debug */,
				98B1E983250AC38C00546D41 /* Release */,
			);
			defaultConfigurationIsVisible = 0;
			defaultConfigurationName = Release;
		};
		98B1E984250AC38C00546D41 /* Build configuration list for PBXNativeTarget "Hyosang Ahn HI Coding ChallengeTests" */ = {
			isa = XCConfigurationList;
			buildConfigurations = (
				98B1E985250AC38C00546D41 /* Debug */,
				98B1E986250AC38C00546D41 /* Release */,
			);
			defaultConfigurationIsVisible = 0;
			defaultConfigurationName = Release;
		};
		98B1E987250AC38C00546D41 /* Build configuration list for PBXNativeTarget "Hyosang Ahn HI Coding ChallengeUITests" */ = {
			isa = XCConfigurationList;
			buildConfigurations = (
				98B1E988250AC38C00546D41 /* Debug */,
				98B1E989250AC38C00546D41 /* Release */,
			);
			defaultConfigurationIsVisible = 0;
			defaultConfigurationName = Release;
		};
/* End XCConfigurationList section */

/* Begin XCVersionGroup section */
		98B1E960250AC38900546D41 /* Hyosang_Ahn_HI_Coding_Challenge.xcdatamodeld */ = {
			isa = XCVersionGroup;
			children = (
				98B1E961250AC38900546D41 /* Hyosang_Ahn_HI_Coding_Challenge.xcdatamodel */,
			);
			currentVersion = 98B1E961250AC38900546D41 /* Hyosang_Ahn_HI_Coding_Challenge.xcdatamodel */;
			path = Hyosang_Ahn_HI_Coding_Challenge.xcdatamodeld;
			sourceTree = "<group>";
			versionGroupType = wrapper.xcdatamodel;
		};
/* End XCVersionGroup section */
	};
	rootObject = 98B1E94C250AC38900546D41 /* Project object */;
}
